
Microsoft Visual Studio Solution File, Format Version 12.00
# Visual Studio Version 16
VisualStudioVersion = 16.0.30406.217
MinimumVisualStudioVersion = 10.0.40219.1
Project("{9A19103F-16F7-4668-BE54-9A1E7A4F7556}") = "LoggerLibrary", "LoggerLibrary\LoggerLibrary.csproj", "{5149E94F-335B-4E4B-B147-54CF8F4E39DB}"
EndProject
Project("{FAE04EC0-301F-11D3-BF4B-00C04F79EFBC}") = "LoggerApp", "LoggerApp\LoggerApp.csproj", "{6E8D729D-9EFF-43A1-925E-39D1CDC9B1B0}"
EndProject
Global
	GlobalSection(SolutionConfigurationPlatforms) = preSolution
		Debug|Any CPU = Debug|Any CPU
		Release|Any CPU = Release|Any CPU
	EndGlobalSection
	GlobalSection(ProjectConfigurationPlatforms) = postSolution
		{5149E94F-335B-4E4B-B147-54CF8F4E39DB}.Debug|Any CPU.ActiveCfg = Debug|Any CPU
		{5149E94F-335B-4E4B-B147-54CF8F4E39DB}.Debug|Any CPU.Build.0 = Debug|Any CPU
		{5149E94F-335B-4E4B-B147-54CF8F4E39DB}.Release|Any CPU.ActiveCfg = Release|Any CPU
		{5149E94F-335B-4E4B-B147-54CF8F4E39DB}.Release|Any CPU.Build.0 = Release|Any CPU
		{6E8D729D-9EFF-43A1-925E-39D1CDC9B1B0}.Debug|Any CPU.ActiveCfg = Debug|Any CPU
		{6E8D729D-9EFF-43A1-925E-39D1CDC9B1B0}.Debug|Any CPU.Build.0 = Debug|Any CPU
		{6E8D729D-9EFF-43A1-925E-39D1CDC9B1B0}.Release|Any CPU.ActiveCfg = Release|Any CPU
		{6E8D729D-9EFF-43A1-925E-39D1CDC9B1B0}.Release|Any CPU.Build.0 = Release|Any CPU
	EndGlobalSection
	GlobalSection(SolutionProperties) = preSolution
		HideSolutionNode = FALSE
	EndGlobalSection
	GlobalSection(ExtensibilityGlobals) = postSolution
		SolutionGuid = {B18211B1-DD37-41D1-A0ED-879288CDFD79}
	EndGlobalSection
EndGlobal
